
Microsoft Visual Studio Solution File, Format Version 12.00
# Visual Studio Version 17
VisualStudioVersion = 17.6.33712.159
MinimumVisualStudioVersion = 10.0.40219.1
Project("{FAE04EC0-301F-11D3-BF4B-00C04F79EFBC}") = "Projeto_BackEnd", "Projeto_BackEnd.csproj", "{36D4F604-5FA8-448F-BCF1-BD3FAE3122BA}"
EndProject
Global
	GlobalSection(SolutionConfigurationPlatforms) = preSolution
		Debug|Any CPU = Debug|Any CPU
		Release|Any CPU = Release|Any CPU
	EndGlobalSection
	GlobalSection(ProjectConfigurationPlatforms) = postSolution
		{36D4F604-5FA8-448F-BCF1-BD3FAE3122BA}.Debug|Any CPU.ActiveCfg = Debug|Any CPU
		{36D4F604-5FA8-448F-BCF1-BD3FAE3122BA}.Debug|Any CPU.Build.0 = Debug|Any CPU
		{36D4F604-5FA8-448F-BCF1-BD3FAE3122BA}.Release|Any CPU.ActiveCfg = Release|Any CPU
		{36D4F604-5FA8-448F-BCF1-BD3FAE3122BA}.Release|Any CPU.Build.0 = Release|Any CPU
	EndGlobalSection
	GlobalSection(SolutionProperties) = preSolution
		HideSolutionNode = FALSE
	EndGlobalSection
	GlobalSection(ExtensibilityGlobals) = postSolution
		SolutionGuid = {D2C477DA-936A-417F-B6A9-DB6189D5831A}
	EndGlobalSection
EndGlobal
